
Microsoft Visual Studio Solution File, Format Version 12.00
# Visual Studio 14
VisualStudioVersion = 14.0.24720.0
MinimumVisualStudioVersion = 10.0.40219.1
Project("{FAE04EC0-301F-11D3-BF4B-00C04F79EFBC}") = "AlgorithmsPrinceton", "AlgorithmsPrinceton\AlgorithmsPrinceton.csproj", "{14BE3795-4CDF-466F-A64B-961B97604678}"
EndProject
Project("{FAE04EC0-301F-11D3-BF4B-00C04F79EFBC}") = "SearchingAlgorithms", "SearchingAlgorithms\SearchingAlgorithms.csproj", "{D409AEEC-69DE-4782-AB9B-CF7B7481080D}"
EndProject
Project("{FAE04EC0-301F-11D3-BF4B-00C04F79EFBC}") = "UnionFind", "UnionFind\UnionFind.csproj", "{2F3B508A-21FC-45F7-BCFB-4C2AE8F07349}"
EndProject
Project("{FAE04EC0-301F-11D3-BF4B-00C04F79EFBC}") = "SortingAlgorithms", "SortingAlgorithms\SortingAlgorithms.csproj", "{F08EB36D-E6D0-4406-A8E6-0F60D7DEB729}"
EndProject
Project("{FAE04EC0-301F-11D3-BF4B-00C04F79EFBC}") = "StringSearchingAlgorithms", "StringSearchingAlgorithms\StringSearchingAlgorithms.csproj", "{58DD8A05-80BF-41DA-AC67-CFAAD0C6AD89}"
EndProject
Global
	GlobalSection(SolutionConfigurationPlatforms) = preSolution
		Debug|Any CPU = Debug|Any CPU
		Release|Any CPU = Release|Any CPU
	EndGlobalSection
	GlobalSection(ProjectConfigurationPlatforms) = postSolution
		{14BE3795-4CDF-466F-A64B-961B97604678}.Debug|Any CPU.ActiveCfg = Debug|Any CPU
		{14BE3795-4CDF-466F-A64B-961B97604678}.Debug|Any CPU.Build.0 = Debug|Any CPU
		{14BE3795-4CDF-466F-A64B-961B97604678}.Release|Any CPU.ActiveCfg = Release|Any CPU
		{14BE3795-4CDF-466F-A64B-961B97604678}.Release|Any CPU.Build.0 = Release|Any CPU
		{D409AEEC-69DE-4782-AB9B-CF7B7481080D}.Debug|Any CPU.ActiveCfg = Debug|Any CPU
		{D409AEEC-69DE-4782-AB9B-CF7B7481080D}.Debug|Any CPU.Build.0 = Debug|Any CPU
		{D409AEEC-69DE-4782-AB9B-CF7B7481080D}.Release|Any CPU.ActiveCfg = Release|Any CPU
		{D409AEEC-69DE-4782-AB9B-CF7B7481080D}.Release|Any CPU.Build.0 = Release|Any CPU
		{2F3B508A-21FC-45F7-BCFB-4C2AE8F07349}.Debug|Any CPU.ActiveCfg = Debug|Any CPU
		{2F3B508A-21FC-45F7-BCFB-4C2AE8F07349}.Debug|Any CPU.Build.0 = Debug|Any CPU
		{2F3B508A-21FC-45F7-BCFB-4C2AE8F07349}.Release|Any CPU.ActiveCfg = Release|Any CPU
		{2F3B508A-21FC-45F7-BCFB-4C2AE8F07349}.Release|Any CPU.Build.0 = Release|Any CPU
		{F08EB36D-E6D0-4406-A8E6-0F60D7DEB729}.Debug|Any CPU.ActiveCfg = Debug|Any CPU
		{F08EB36D-E6D0-4406-A8E6-0F60D7DEB729}.Debug|Any CPU.Build.0 = Debug|Any CPU
		{F08EB36D-E6D0-4406-A8E6-0F60D7DEB729}.Release|Any CPU.ActiveCfg = Release|Any CPU
		{F08EB36D-E6D0-4406-A8E6-0F60D7DEB729}.Release|Any CPU.Build.0 = Release|Any CPU
		{58DD8A05-80BF-41DA-AC67-CFAAD0C6AD89}.Debug|Any CPU.ActiveCfg = Debug|Any CPU
		{58DD8A05-80BF-41DA-AC67-CFAAD0C6AD89}.Debug|Any CPU.Build.0 = Debug|Any CPU
		{58DD8A05-80BF-41DA-AC67-CFAAD0C6AD89}.Release|Any CPU.ActiveCfg = Release|Any CPU
		{58DD8A05-80BF-41DA-AC67-CFAAD0C6AD89}.Release|Any CPU.Build.0 = Release|Any CPU
	EndGlobalSection
	GlobalSection(SolutionProperties) = preSolution
		HideSolutionNode = FALSE
	EndGlobalSection
EndGlobal
